
Microsoft Visual Studio Solution File, Format Version 12.00
# Visual Studio Version 17
VisualStudioVersion = 17.14.36327.8
MinimumVisualStudioVersion = 10.0.40219.1
Project("{FAE04EC0-301F-11D3-BF4B-00C04F79EFBC}") = "NetCheck", "NetCheck\NetCheck.csproj", "{0BC3420B-8BB5-4383-8783-E187C6954E16}"
EndProject
Project("{FAE04EC0-301F-11D3-BF4B-00C04F79EFBC}") = "NetCheck.Tests", "NetCheck.Tests\NetCheck.Tests.csproj", "{4861D5BE-A2E8-2A56-7823-47EA32C13BE5}"
EndProject
Global
	GlobalSection(SolutionConfigurationPlatforms) = preSolution
		Debug|Any CPU = Debug|Any CPU
		Release|Any CPU = Release|Any CPU
	EndGlobalSection
	GlobalSection(ProjectConfigurationPlatforms) = postSolution
		{0BC3420B-8BB5-4383-8783-E187C6954E16}.Debug|Any CPU.ActiveCfg = Debug|Any CPU
		{0BC3420B-8BB5-4383-8783-E187C6954E16}.Debug|Any CPU.Build.0 = Debug|Any CPU
		{0BC3420B-8BB5-4383-8783-E187C6954E16}.Release|Any CPU.ActiveCfg = Release|Any CPU
		{0BC3420B-8BB5-4383-8783-E187C6954E16}.Release|Any CPU.Build.0 = Release|Any CPU
		{4861D5BE-A2E8-2A56-7823-47EA32C13BE5}.Debug|Any CPU.ActiveCfg = Debug|Any CPU
		{4861D5BE-A2E8-2A56-7823-47EA32C13BE5}.Debug|Any CPU.Build.0 = Debug|Any CPU
		{4861D5BE-A2E8-2A56-7823-47EA32C13BE5}.Release|Any CPU.ActiveCfg = Release|Any CPU
		{4861D5BE-A2E8-2A56-7823-47EA32C13BE5}.Release|Any CPU.Build.0 = Release|Any CPU
	EndGlobalSection
	GlobalSection(SolutionProperties) = preSolution
		HideSolutionNode = FALSE
	EndGlobalSection
	GlobalSection(ExtensibilityGlobals) = postSolution
		SolutionGuid = {2D306835-41BF-4509-92E3-B10F8710DF4D}
	EndGlobalSection
EndGlobal
